
Microsoft Visual Studio Solution File, Format Version 12.00
# Visual Studio Version 17
VisualStudioVersion = 17.1.32414.318
MinimumVisualStudioVersion = 10.0.40219.1
Project("{9A19103F-16F7-4668-BE54-9A1E7A4F7556}") = "Model", "Model\Model.csproj", "{E5D8A460-291B-42E7-A5B5-0DFD717806FF}"
EndProject
Project("{9A19103F-16F7-4668-BE54-9A1E7A4F7556}") = "CLI", "CLI\CLI.csproj", "{20A83AB7-91F1-4279-B1C5-1E9536D0E5A8}"
EndProject
Project("{9A19103F-16F7-4668-BE54-9A1E7A4F7556}") = "Agent", "Agent\Agent.csproj", "{4D99EE65-9605-4906-A7E6-4AE83E6465C7}"
EndProject
Project("{FAE04EC0-301F-11D3-BF4B-00C04F79EFBC}") = "Helpers", "Helpers\Helpers.csproj", "{879AF317-4762-48BD-AB5C-CEF347362885}"
EndProject
Global
	GlobalSection(SolutionConfigurationPlatforms) = preSolution
		Debug|Any CPU = Debug|Any CPU
		Release|Any CPU = Release|Any CPU
	EndGlobalSection
	GlobalSection(ProjectConfigurationPlatforms) = postSolution
		{E5D8A460-291B-42E7-A5B5-0DFD717806FF}.Debug|Any CPU.ActiveCfg = Debug|Any CPU
		{E5D8A460-291B-42E7-A5B5-0DFD717806FF}.Release|Any CPU.ActiveCfg = Release|Any CPU
		{E5D8A460-291B-42E7-A5B5-0DFD717806FF}.Release|Any CPU.Build.0 = Release|Any CPU
		{20A83AB7-91F1-4279-B1C5-1E9536D0E5A8}.Debug|Any CPU.ActiveCfg = Debug|Any CPU
		{20A83AB7-91F1-4279-B1C5-1E9536D0E5A8}.Debug|Any CPU.Build.0 = Debug|Any CPU
		{20A83AB7-91F1-4279-B1C5-1E9536D0E5A8}.Release|Any CPU.ActiveCfg = Release|Any CPU
		{20A83AB7-91F1-4279-B1C5-1E9536D0E5A8}.Release|Any CPU.Build.0 = Release|Any CPU
		{4D99EE65-9605-4906-A7E6-4AE83E6465C7}.Debug|Any CPU.ActiveCfg = Debug|Any CPU
		{4D99EE65-9605-4906-A7E6-4AE83E6465C7}.Release|Any CPU.ActiveCfg = Release|Any CPU
		{4D99EE65-9605-4906-A7E6-4AE83E6465C7}.Release|Any CPU.Build.0 = Release|Any CPU
		{879AF317-4762-48BD-AB5C-CEF347362885}.Debug|Any CPU.ActiveCfg = Debug|Any CPU
		{879AF317-4762-48BD-AB5C-CEF347362885}.Debug|Any CPU.Build.0 = Debug|Any CPU
		{879AF317-4762-48BD-AB5C-CEF347362885}.Release|Any CPU.ActiveCfg = Release|Any CPU
		{879AF317-4762-48BD-AB5C-CEF347362885}.Release|Any CPU.Build.0 = Release|Any CPU
	EndGlobalSection
	GlobalSection(SolutionProperties) = preSolution
		HideSolutionNode = FALSE
	EndGlobalSection
	GlobalSection(ExtensibilityGlobals) = postSolution
		SolutionGuid = {8CFCA087-8731-4547-9791-DAC0CA2F3EC5}
	EndGlobalSection
EndGlobal
