
Microsoft Visual Studio Solution File, Format Version 12.00
# Visual Studio Version 16
VisualStudioVersion = 16.0.31424.327
MinimumVisualStudioVersion = 10.0.40219.1
Project("{FAE04EC0-301F-11D3-BF4B-00C04F79EFBC}") = "Durak-AI", "Durak-AI.csproj", "{05340F2C-C9BD-406C-B6A0-684DDC920DE7}"
EndProject
Global
	GlobalSection(SolutionConfigurationPlatforms) = preSolution
		Debug|Any CPU = Debug|Any CPU
		Release|Any CPU = Release|Any CPU
	EndGlobalSection
	GlobalSection(ProjectConfigurationPlatforms) = postSolution
		{05340F2C-C9BD-406C-B6A0-684DDC920DE7}.Debug|Any CPU.ActiveCfg = Debug|Any CPU
		{05340F2C-C9BD-406C-B6A0-684DDC920DE7}.Debug|Any CPU.Build.0 = Debug|Any CPU
		{05340F2C-C9BD-406C-B6A0-684DDC920DE7}.Release|Any CPU.ActiveCfg = Release|Any CPU
		{05340F2C-C9BD-406C-B6A0-684DDC920DE7}.Release|Any CPU.Build.0 = Release|Any CPU
	EndGlobalSection
	GlobalSection(SolutionProperties) = preSolution
		HideSolutionNode = FALSE
	EndGlobalSection
	GlobalSection(ExtensibilityGlobals) = postSolution
		SolutionGuid = {79DE7D93-95C8-4D92-9BA3-D907E47D4C8C}
	EndGlobalSection
EndGlobal
